// !$*UTF8*$!
{
	archiveVersion = 1;
	classes = {
	};
	objectVersion = 50;
	objects = {

/* Begin PBXBuildFile section */
		85956649212EDA770065ADF2 /* AppDelegate.m in Sources */ = {isa = PBXBuildFile; fileRef = 85956648212EDA770065ADF2 /* AppDelegate.m */; };
		85956651212EDA990065ADF2 /* Assets.xcassets in Resources */ = {isa = PBXBuildFile; fileRef = 85956650212EDA990065ADF2 /* Assets.xcassets */; };
		85956657212EDA990065ADF2 /* main.m in Sources */ = {isa = PBXBuildFile; fileRef = 85956656212EDA990065ADF2 /* main.m */; };
		85956661212EDA990065ADF2 /* FontsTests.m in Sources */ = {isa = PBXBuildFile; fileRef = 85956660212EDA990065ADF2 /* FontsTests.m */; };
		8595666C212EDA990065ADF2 /* FontsUITests.m in Sources */ = {isa = PBXBuildFile; fileRef = 8595666B212EDA990065ADF2 /* FontsUITests.m */; };
		8595667A212EDC730065ADF2 /* Main.storyboard in Resources */ = {isa = PBXBuildFile; fileRef = 85956679212EDC730065ADF2 /* Main.storyboard */; };
		8595667D212EE4040065ADF2 /* BIDFavoritesList.m in Sources */ = {isa = PBXBuildFile; fileRef = 8595667C212EE4040065ADF2 /* BIDFavoritesList.m */; };
		85956680212EEBF30065ADF2 /* BIDRootViewController.m in Sources */ = {isa = PBXBuildFile; fileRef = 8595667F212EEBF30065ADF2 /* BIDRootViewController.m */; };
		85956683212FE7A80065ADF2 /* BIDFontListViewController.m in Sources */ = {isa = PBXBuildFile; fileRef = 85956682212FE7A80065ADF2 /* BIDFontListViewController.m */; };
		85956686212FF7640065ADF2 /* BIDFontSizesViewController.m in Sources */ = {isa = PBXBuildFile; fileRef = 85956685212FF7640065ADF2 /* BIDFontSizesViewController.m */; };
		85956689212FFDE20065ADF2 /* BIDFontInfoViewController.m in Sources */ = {isa = PBXBuildFile; fileRef = 85956688212FFDE20065ADF2 /* BIDFontInfoViewController.m */; };
/* End PBXBuildFile section */

/* Begin PBXContainerItemProxy section */
		8595665D212EDA990065ADF2 /* PBXContainerItemProxy */ = {
			isa = PBXContainerItemProxy;
			containerPortal = 8595663C212EDA760065ADF2 /* Project object */;
			proxyType = 1;
			remoteGlobalIDString = 85956643212EDA770065ADF2;
			remoteInfo = Fonts;
		};
		85956668212EDA990065ADF2 /* PBXContainerItemProxy */ = {
			isa = PBXContainerItemProxy;
			containerPortal = 8595663C212EDA760065ADF2 /* Project object */;
			proxyType = 1;
			remoteGlobalIDString = 85956643212EDA770065ADF2;
			remoteInfo = Fonts;
		};
/* End PBXContainerItemProxy section */

/* Begin PBXFileReference section */
		85956644212EDA770065ADF2 /* Fonts.app */ = {isa = PBXFileReference; explicitFileType = wrapper.application; includeInIndex = 0; path = Fonts.app; sourceTree = BUILT_PRODUCTS_DIR; };
		85956647212EDA770065ADF2 /* AppDelegate.h */ = {isa = PBXFileReference; lastKnownFileType = sourcecode.c.h; path = AppDelegate.h; sourceTree = "<group>"; };
		85956648212EDA770065ADF2 /* AppDelegate.m */ = {isa = PBXFileReference; lastKnownFileType = sourcecode.c.objc; path = AppDelegate.m; sourceTree = "<group>"; };
		85956650212EDA990065ADF2 /* Assets.xcassets */ = {isa = PBXFileReference; lastKnownFileType = folder.assetcatalog; path = Assets.xcassets; sourceTree = "<group>"; };
		85956655212EDA990065ADF2 /* Info.plist */ = {isa = PBXFileReference; lastKnownFileType = text.plist.xml; path = Info.plist; sourceTree = "<group>"; };
		85956656212EDA990065ADF2 /* main.m */ = {isa = PBXFileReference; lastKnownFileType = sourcecode.c.objc; path = main.m; sourceTree = "<group>"; };
		8595665C212EDA990065ADF2 /* FontsTests.xctest */ = {isa = PBXFileReference; explicitFileType = wrapper.cfbundle; includeInIndex = 0; path = FontsTests.xctest; sourceTree = BUILT_PRODUCTS_DIR; };
		85956660212EDA990065ADF2 /* FontsTests.m */ = {isa = PBXFileReference; lastKnownFileType = sourcecode.c.objc; path = FontsTests.m; sourceTree = "<group>"; };
		85956662212EDA990065ADF2 /* Info.plist */ = {isa = PBXFileReference; lastKnownFileType = text.plist.xml; path = Info.plist; sourceTree = "<group>"; };
		85956667212EDA990065ADF2 /* FontsUITests.xctest */ = {isa = PBXFileReference; explicitFileType = wrapper.cfbundle; includeInIndex = 0; path = FontsUITests.xctest; sourceTree = BUILT_PRODUCTS_DIR; };
		8595666B212EDA990065ADF2 /* FontsUITests.m */ = {isa = PBXFileReference; lastKnownFileType = sourcecode.c.objc; path = FontsUITests.m; sourceTree = "<group>"; };
		8595666D212EDA990065ADF2 /* Info.plist */ = {isa = PBXFileReference; lastKnownFileType = text.plist.xml; path = Info.plist; sourceTree = "<group>"; };
		85956679212EDC730065ADF2 /* Main.storyboard */ = {isa = PBXFileReference; lastKnownFileType = file.storyboard; path = Main.storyboard; sourceTree = "<group>"; };
		8595667B212EE4040065ADF2 /* BIDFavoritesList.h */ = {isa = PBXFileReference; lastKnownFileType = sourcecode.c.h; path = BIDFavoritesList.h; sourceTree = "<group>"; };
		8595667C212EE4040065ADF2 /* BIDFavoritesList.m */ = {isa = PBXFileReference; lastKnownFileType = sourcecode.c.objc; path = BIDFavoritesList.m; sourceTree = "<group>"; };
		8595667E212EEBF30065ADF2 /* BIDRootViewController.h */ = {isa = PBXFileReference; lastKnownFileType = sourcecode.c.h; path = BIDRootViewController.h; sourceTree = "<group>"; };
		8595667F212EEBF30065ADF2 /* BIDRootViewController.m */ = {isa = PBXFileReference; lastKnownFileType = sourcecode.c.objc; path = BIDRootViewController.m; sourceTree = "<group>"; };
		85956681212FE7A70065ADF2 /* BIDFontListViewController.h */ = {isa = PBXFileReference; lastKnownFileType = sourcecode.c.h; path = BIDFontListViewController.h; sourceTree = "<group>"; };
		85956682212FE7A80065ADF2 /* BIDFontListViewController.m */ = {isa = PBXFileReference; lastKnownFileType = sourcecode.c.objc; path = BIDFontListViewController.m; sourceTree = "<group>"; };
		85956684212FF7630065ADF2 /* BIDFontSizesViewController.h */ = {isa = PBXFileReference; lastKnownFileType = sourcecode.c.h; path = BIDFontSizesViewController.h; sourceTree = "<group>"; };
		85956685212FF7640065ADF2 /* BIDFontSizesViewController.m */ = {isa = PBXFileReference; lastKnownFileType = sourcecode.c.objc; path = BIDFontSizesViewController.m; sourceTree = "<group>"; };
		85956687212FFDE20065ADF2 /* BIDFontInfoViewController.h */ = {isa = PBXFileReference; lastKnownFileType = sourcecode.c.h; path = BIDFontInfoViewController.h; sourceTree = "<group>"; };
		85956688212FFDE20065ADF2 /* BIDFontInfoViewController.m */ = {isa = PBXFileReference; lastKnownFileType = sourcecode.c.objc; path = BIDFontInfoViewController.m; sourceTree = "<group>"; };
/* End PBXFileReference section */

/* Begin PBXFrameworksBuildPhase section */
		85956641212EDA770065ADF2 /* Frameworks */ = {
			isa = PBXFrameworksBuildPhase;
			buildActionMask = 2147483647;
			files = (
			);
			runOnlyForDeploymentPostprocessing = 0;
		};
		85956659212EDA990065ADF2 /* Frameworks */ = {
			isa = PBXFrameworksBuildPhase;
			buildActionMask = 2147483647;
			files = (
			);
			runOnlyForDeploymentPostprocessing = 0;
		};
		85956664212EDA990065ADF2 /* Frameworks */ = {
			isa = PBXFrameworksBuildPhase;
			buildActionMask = 2147483647;
			files = (
			);
			runOnlyForDeploymentPostprocessing = 0;
		};
/* End PBXFrameworksBuildPhase section */

/* Begin PBXGroup section */
		8595663B212EDA760065ADF2 = {
			isa = PBXGroup;
			children = (
				85956646212EDA770065ADF2 /* Fonts */,
				8595665F212EDA990065ADF2 /* FontsTests */,
				8595666A212EDA990065ADF2 /* FontsUITests */,
				85956645212EDA770065ADF2 /* Products */,
			);
			sourceTree = "<group>";
		};
		85956645212EDA770065ADF2 /* Products */ = {
			isa = PBXGroup;
			children = (
				85956644212EDA770065ADF2 /* Fonts.app */,
				8595665C212EDA990065ADF2 /* FontsTests.xctest */,
				85956667212EDA990065ADF2 /* FontsUITests.xctest */,
			);
			name = Products;
			sourceTree = "<group>";
		};
		85956646212EDA770065ADF2 /* Fonts */ = {
			isa = PBXGroup;
			children = (
				85956647212EDA770065ADF2 /* AppDelegate.h */,
				85956648212EDA770065ADF2 /* AppDelegate.m */,
				85956679212EDC730065ADF2 /* Main.storyboard */,
				8595667B212EE4040065ADF2 /* BIDFavoritesList.h */,
				8595667C212EE4040065ADF2 /* BIDFavoritesList.m */,
				8595667E212EEBF30065ADF2 /* BIDRootViewController.h */,
				8595667F212EEBF30065ADF2 /* BIDRootViewController.m */,
				85956681212FE7A70065ADF2 /* BIDFontListViewController.h */,
				85956682212FE7A80065ADF2 /* BIDFontListViewController.m */,
				85956684212FF7630065ADF2 /* BIDFontSizesViewController.h */,
				85956685212FF7640065ADF2 /* BIDFontSizesViewController.m */,
				85956687212FFDE20065ADF2 /* BIDFontInfoViewController.h */,
				85956688212FFDE20065ADF2 /* BIDFontInfoViewController.m */,
				85956650212EDA990065ADF2 /* Assets.xcassets */,
				85956655212EDA990065ADF2 /* Info.plist */,
				85956656212EDA990065ADF2 /* main.m */,
			);
			path = Fonts;
			sourceTree = "<group>";
		};
		8595665F212EDA990065ADF2 /* FontsTests */ = {
			isa = PBXGroup;
			children = (
				85956660212EDA990065ADF2 /* FontsTests.m */,
				85956662212EDA990065ADF2 /* Info.plist */,
			);
			path = FontsTests;
			sourceTree = "<group>";
		};
		8595666A212EDA990065ADF2 /* FontsUITests */ = {
			isa = PBXGroup;
			children = (
				8595666B212EDA990065ADF2 /* FontsUITests.m */,
				8595666D212EDA990065ADF2 /* Info.plist */,
			);
			path = FontsUITests;
			sourceTree = "<group>";
		};
/* End PBXGroup section */

/* Begin PBXNativeTarget section */
		85956643212EDA770065ADF2 /* Fonts */ = {
			isa = PBXNativeTarget;
			buildConfigurationList = 85956670212EDA990065ADF2 /* Build configuration list for PBXNativeTarget "Fonts" */;
			buildPhases = (
				85956640212EDA770065ADF2 /* Sources */,
				85956641212EDA770065ADF2 /* Frameworks */,
				85956642212EDA770065ADF2 /* Resources */,
			);
			buildRules = (
			);
			dependencies = (
			);
			name = Fonts;
			productName = Fonts;
			productReference = 85956644212EDA770065ADF2 /* Fonts.app */;
			productType = "com.apple.product-type.application";
		};
		8595665B212EDA990065ADF2 /* FontsTests */ = {
			isa = PBXNativeTarget;
			buildConfigurationList = 85956673212EDA990065ADF2 /* Build configuration list for PBXNativeTarget "FontsTests" */;
			buildPhases = (
				85956658212EDA990065ADF2 /* Sources */,
				85956659212EDA990065ADF2 /* Frameworks */,
				8595665A212EDA990065ADF2 /* Resources */,
			);
			buildRules = (
			);
			dependencies = (
				8595665E212EDA990065ADF2 /* PBXTargetDependency */,
			);
			name = FontsTests;
			productName = FontsTests;
			productReference = 8595665C212EDA990065ADF2 /* FontsTests.xctest */;
			productType = "com.apple.product-type.bundle.unit-test";
		};
		85956666212EDA990065ADF2 /* FontsUITests */ = {
			isa = PBXNativeTarget;
			buildConfigurationList = 85956676212EDA990065ADF2 /* Build configuration list for PBXNativeTarget "FontsUITests" */;
			buildPhases = (
				85956663212EDA990065ADF2 /* Sources */,
				85956664212EDA990065ADF2 /* Frameworks */,
				85956665212EDA990065ADF2 /* Resources */,
			);
			buildRules = (
			);
			dependencies = (
				85956669212EDA990065ADF2 /* PBXTargetDependency */,
			);
			name = FontsUITests;
			productName = FontsUITests;
			productReference = 85956667212EDA990065ADF2 /* FontsUITests.xctest */;
			productType = "com.apple.product-type.bundle.ui-testing";
		};
/* End PBXNativeTarget section */

/* Begin PBXProject section */
		8595663C212EDA760065ADF2 /* Project object */ = {
			isa = PBXProject;
			attributes = {
				LastUpgradeCheck = 0940;
				ORGANIZATIONNAME = MERA;
				TargetAttributes = {
					85956643212EDA770065ADF2 = {
						CreatedOnToolsVersion = 9.4.1;
					};
					8595665B212EDA990065ADF2 = {
						CreatedOnToolsVersion = 9.4.1;
						TestTargetID = 85956643212EDA770065ADF2;
					};
					85956666212EDA990065ADF2 = {
						CreatedOnToolsVersion = 9.4.1;
						TestTargetID = 85956643212EDA770065ADF2;
					};
				};
			};
			buildConfigurationList = 8595663F212EDA770065ADF2 /* Build configuration list for PBXProject "Fonts" */;
			compatibilityVersion = "Xcode 9.3";
			developmentRegion = en;
			hasScannedForEncodings = 0;
			knownRegions = (
				en,
				Base,
			);
			mainGroup = 8595663B212EDA760065ADF2;
			productRefGroup = 85956645212EDA770065ADF2 /* Products */;
			projectDirPath = "";
			projectRoot = "";
			targets = (
				85956643212EDA770065ADF2 /* Fonts */,
				8595665B212EDA990065ADF2 /* FontsTests */,
				85956666212EDA990065ADF2 /* FontsUITests */,
			);
		};
/* End PBXProject section */

/* Begin PBXResourcesBuildPhase section */
		85956642212EDA770065ADF2 /* Resources */ = {
			isa = PBXResourcesBuildPhase;
			buildActionMask = 2147483647;
			files = (
				85956651212EDA990065ADF2 /* Assets.xcassets in Resources */,
				8595667A212EDC730065ADF2 /* Main.storyboard in Resources */,
			);
			runOnlyForDeploymentPostprocessing = 0;
		};
		8595665A212EDA990065ADF2 /* Resources */ = {
			isa = PBXResourcesBuildPhase;
			buildActionMask = 2147483647;
			files = (
			);
			runOnlyForDeploymentPostprocessing = 0;
		};
		85956665212EDA990065ADF2 /* Resources */ = {
			isa = PBXResourcesBuildPhase;
			buildActionMask = 2147483647;
			files = (
			);
			runOnlyForDeploymentPostprocessing = 0;
		};
/* End PBXResourcesBuildPhase section */

/* Begin PBXSourcesBuildPhase section */
		85956640212EDA770065ADF2 /* Sources */ = {
			isa = PBXSourcesBuildPhase;
			buildActionMask = 2147483647;
			files = (
				85956680212EEBF30065ADF2 /* BIDRootViewController.m in Sources */,
				85956683212FE7A80065ADF2 /* BIDFontListViewController.m in Sources */,
				85956657212EDA990065ADF2 /* main.m in Sources */,
				8595667D212EE4040065ADF2 /* BIDFavoritesList.m in Sources */,
				85956686212FF7640065ADF2 /* BIDFontSizesViewController.m in Sources */,
				85956689212FFDE20065ADF2 /* BIDFontInfoViewController.m in Sources */,
				85956649212EDA770065ADF2 /* AppDelegate.m in Sources */,
			);
			runOnlyForDeploymentPostprocessing = 0;
		};
		85956658212EDA990065ADF2 /* Sources */ = {
			isa = PBXSourcesBuildPhase;
			buildActionMask = 2147483647;
			files = (
				85956661212EDA990065ADF2 /* FontsTests.m in Sources */,
			);
			runOnlyForDeploymentPostprocessing = 0;
		};
		85956663212EDA990065ADF2 /* Sources */ = {
			isa = PBXSourcesBuildPhase;
			buildActionMask = 2147483647;
			files = (
				8595666C212EDA990065ADF2 /* FontsUITests.m in Sources */,
			);
			runOnlyForDeploymentPostprocessing = 0;
		};
/* End PBXSourcesBuildPhase section */

/* Begin PBXTargetDependency section */
		8595665E212EDA990065ADF2 /* PBXTargetDependency */ = {
			isa = PBXTargetDependency;
			target = 85956643212EDA770065ADF2 /* Fonts */;
			targetProxy = 8595665D212EDA990065ADF2 /* PBXContainerItemProxy */;
		};
		85956669212EDA990065ADF2 /* PBXTargetDependency */ = {
			isa = PBXTargetDependency;
			target = 85956643212EDA770065ADF2 /* Fonts */;
			targetProxy = 85956668212EDA990065ADF2 /* PBXContainerItemProxy */;
		};
/* End PBXTargetDependency section */

/* Begin XCBuildConfiguration section */
		8595666E212EDA990065ADF2 /* Debug */ = {
			isa = XCBuildConfiguration;
			buildSettings = {
				ALWAYS_SEARCH_USER_PATHS = NO;
				CLANG_ANALYZER_NONNULL = YES;
				CLANG_ANALYZER_NUMBER_OBJECT_CONVERSION = YES_AGGRESSIVE;
				CLANG_CXX_LANGUAGE_STANDARD = "gnu++14";
				CLANG_CXX_LIBRARY = "libc++";
				CLANG_ENABLE_MODULES = YES;
				CLANG_ENABLE_OBJC_ARC = YES;
				CLANG_ENABLE_OBJC_WEAK = YES;
				CLANG_WARN_BLOCK_CAPTURE_AUTORELEASING = YES;
				CLANG_WARN_BOOL_CONVERSION = YES;
				CLANG_WARN_COMMA = YES;
				CLANG_WARN_CONSTANT_CONVERSION = YES;
				CLANG_WARN_DEPRECATED_OBJC_IMPLEMENTATIONS = YES;
				CLANG_WARN_DIRECT_OBJC_ISA_USAGE = YES_ERROR;
				CLANG_WARN_DOCUMENTATION_COMMENTS = YES;
				CLANG_WARN_EMPTY_BODY = YES;
				CLANG_WARN_ENUM_CONVERSION = YES;
				CLANG_WARN_INFINITE_RECURSION = YES;
				CLANG_WARN_INT_CONVERSION = YES;
				CLANG_WARN_NON_LITERAL_NULL_CONVERSION = YES;
				CLANG_WARN_OBJC_IMPLICIT_RETAIN_SELF = YES;
				CLANG_WARN_OBJC_LITERAL_CONVERSION = YES;
				CLANG_WARN_OBJC_ROOT_CLASS = YES_ERROR;
				CLANG_WARN_RANGE_LOOP_ANALYSIS = YES;
				CLANG_WARN_STRICT_PROTOTYPES = YES;
				CLANG_WARN_SUSPICIOUS_MOVE = YES;
				CLANG_WARN_UNGUARDED_AVAILABILITY = YES_AGGRESSIVE;
				CLANG_WARN_UNREACHABLE_CODE = YES;
				CLANG_WARN__DUPLICATE_METHOD_MATCH = YES;
				CODE_SIGN_IDENTITY = "iPhone Developer";
				COPY_PHASE_STRIP = NO;
				DEBUG_INFORMATION_FORMAT = dwarf;
				ENABLE_STRICT_OBJC_MSGSEND = YES;
				ENABLE_TESTABILITY = YES;
				GCC_C_LANGUAGE_STANDARD = gnu11;
				GCC_DYNAMIC_NO_PIC = NO;
				GCC_NO_COMMON_BLOCKS = YES;
				GCC_OPTIMIZATION_LEVEL = 0;
				GCC_PREPROCESSOR_DEFINITIONS = (
					"DEBUG=1",
					"$(inherited)",
				);
				GCC_WARN_64_TO_32_BIT_CONVERSION = YES;
				GCC_WARN_ABOUT_RETURN_TYPE = YES_ERROR;
				GCC_WARN_UNDECLARED_SELECTOR = YES;
				GCC_WARN_UNINITIALIZED_AUTOS = YES_AGGRESSIVE;
				GCC_WARN_UNUSED_FUNCTION = YES;
				GCC_WARN_UNUSED_VARIABLE = YES;
				IPHONEOS_DEPLOYMENT_TARGET = 11.4;
				MTL_ENABLE_DEBUG_INFO = YES;
				ONLY_ACTIVE_ARCH = YES;
				SDKROOT = iphoneos;
			};
			name = Debug;
		};
		8595666F212EDA990065ADF2 /* Release */ = {
			isa = XCBuildConfiguration;
			buildSettings = {
				ALWAYS_SEARCH_USER_PATHS = NO;
				CLANG_ANALYZER_NONNULL = YES;
				CLANG_ANALYZER_NUMBER_OBJECT_CONVERSION = YES_AGGRESSIVE;
				CLANG_CXX_LANGUAGE_STANDARD = "gnu++14";
				CLANG_CXX_LIBRARY = "libc++";
				CLANG_ENABLE_MODULES = YES;
				CLANG_ENABLE_OBJC_ARC = YES;
				CLANG_ENABLE_OBJC_WEAK = YES;
				CLANG_WARN_BLOCK_CAPTURE_AUTORELEASING = YES;
				CLANG_WARN_BOOL_CONVERSION = YES;
				CLANG_WARN_COMMA = YES;
				CLANG_WARN_CONSTANT_CONVERSION = YES;
				CLANG_WARN_DEPRECATED_OBJC_IMPLEMENTATIONS = YES;
				CLANG_WARN_DIRECT_OBJC_ISA_USAGE = YES_ERROR;
				CLANG_WARN_DOCUMENTATION_COMMENTS = YES;
				CLANG_WARN_EMPTY_BODY = YES;
				CLANG_WARN_ENUM_CONVERSION = YES;
				CLANG_WARN_INFINITE_RECURSION = YES;
				CLANG_WARN_INT_CONVERSION = YES;
				CLANG_WARN_NON_LITERAL_NULL_CONVERSION = YES;
				CLANG_WARN_OBJC_IMPLICIT_RETAIN_SELF = YES;
				CLANG_WARN_OBJC_LITERAL_CONVERSION = YES;
				CLANG_WARN_OBJC_ROOT_CLASS = YES_ERROR;
				CLANG_WARN_RANGE_LOOP_ANALYSIS = YES;
				CLANG_WARN_STRICT_PROTOTYPES = YES;
				CLANG_WARN_SUSPICIOUS_MOVE = YES;
				CLANG_WARN_UNGUARDED_AVAILABILITY = YES_AGGRESSIVE;
				CLANG_WARN_UNREACHABLE_CODE = YES;
				CLANG_WARN__DUPLICATE_METHOD_MATCH = YES;
				CODE_SIGN_IDENTITY = "iPhone Developer";
				COPY_PHASE_STRIP = NO;
				DEBUG_INFORMATION_FORMAT = "dwarf-with-dsym";
				ENABLE_NS_ASSERTIONS = NO;
				ENABLE_STRICT_OBJC_MSGSEND = YES;
				GCC_C_LANGUAGE_STANDARD = gnu11;
				GCC_NO_COMMON_BLOCKS = YES;
				GCC_WARN_64_TO_32_BIT_CONVERSION = YES;
				GCC_WARN_ABOUT_RETURN_TYPE = YES_ERROR;
				GCC_WARN_UNDECLARED_SELECTOR = YES;
				GCC_WARN_UNINITIALIZED_AUTOS = YES_AGGRESSIVE;
				GCC_WARN_UNUSED_FUNCTION = YES;
				GCC_WARN_UNUSED_VARIABLE = YES;
				IPHONEOS_DEPLOYMENT_TARGET = 11.4;
				MTL_ENABLE_DEBUG_INFO = NO;
				SDKROOT = iphoneos;
				VALIDATE_PRODUCT = YES;
			};
			name = Release;
		};
		85956671212EDA990065ADF2 /* Debug */ = {
			isa = XCBuildConfiguration;
			buildSettings = {
				ASSETCATALOG_COMPILER_APPICON_NAME = AppIcon;
				CODE_SIGN_STYLE = Automatic;
				INFOPLIST_FILE = Fonts/Info.plist;
				LD_RUNPATH_SEARCH_PATHS = (
					"$(inherited)",
					"@executable_path/Frameworks",
				);
				PRODUCT_BUNDLE_IDENTIFIER = MERA.acheck.Fonts;
				PRODUCT_NAME = "$(TARGET_NAME)";
				TARGETED_DEVICE_FAMILY = "1,2";
			};
			name = Debug;
		};
		85956672212EDA990065ADF2 /* Release */ = {
			isa = XCBuildConfiguration;
			buildSettings = {
				ASSETCATALOG_COMPILER_APPICON_NAME = AppIcon;
				CODE_SIGN_STYLE = Automatic;
				INFOPLIST_FILE = Fonts/Info.plist;
				LD_RUNPATH_SEARCH_PATHS = (
					"$(inherited)",
					"@executable_path/Frameworks",
				);
				PRODUCT_BUNDLE_IDENTIFIER = MERA.acheck.Fonts;
				PRODUCT_NAME = "$(TARGET_NAME)";
				TARGETED_DEVICE_FAMILY = "1,2";
			};
			name = Release;
		};
		85956674212EDA990065ADF2 /* Debug */ = {
			isa = XCBuildConfiguration;
			buildSettings = {
				BUNDLE_LOADER = "$(TEST_HOST)";
				CODE_SIGN_STYLE = Automatic;
				INFOPLIST_FILE = FontsTests/Info.plist;
				LD_RUNPATH_SEARCH_PATHS = (
					"$(inherited)",
					"@executable_path/Frameworks",
					"@loader_path/Frameworks",
				);
				PRODUCT_BUNDLE_IDENTIFIER = MERA.acheck.FontsTests;
				PRODUCT_NAME = "$(TARGET_NAME)";
				TARGETED_DEVICE_FAMILY = "1,2";
				TEST_HOST = "$(BUILT_PRODUCTS_DIR)/Fonts.app/Fonts";
			};
			name = Debug;
		};
		85956675212EDA990065ADF2 /* Release */ = {
			isa = XCBuildConfiguration;
			buildSettings = {
				BUNDLE_LOADER = "$(TEST_HOST)";
				CODE_SIGN_STYLE = Automatic;
				INFOPLIST_FILE = FontsTests/Info.plist;
				LD_RUNPATH_SEARCH_PATHS = (
					"$(inherited)",
					"@executable_path/Frameworks",
					"@loader_path/Frameworks",
				);
				PRODUCT_BUNDLE_IDENTIFIER = MERA.acheck.FontsTests;
				PRODUCT_NAME = "$(TARGET_NAME)";
				TARGETED_DEVICE_FAMILY = "1,2";
				TEST_HOST = "$(BUILT_PRODUCTS_DIR)/Fonts.app/Fonts";
			};
			name = Release;
		};
		85956677212EDA990065ADF2 /* Debug */ = {
			isa = XCBuildConfiguration;
			buildSettings = {
				CODE_SIGN_STYLE = Automatic;
				INFOPLIST_FILE = FontsUITests/Info.plist;
				LD_RUNPATH_SEARCH_PATHS = (
					"$(inherited)",
					"@executable_path/Frameworks",
					"@loader_path/Frameworks",
				);
				PRODUCT_BUNDLE_IDENTIFIER = MERA.acheck.FontsUITests;
				PRODUCT_NAME = "$(TARGET_NAME)";
				TARGETED_DEVICE_FAMILY = "1,2";
				TEST_TARGET_NAME = Fonts;
			};
			name = Debug;
		};
		85956678212EDA990065ADF2 /* Release */ = {
			isa = XCBuildConfiguration;
			buildSettings = {
				CODE_SIGN_STYLE = Automatic;
				INFOPLIST_FILE = FontsUITests/Info.plist;
				LD_RUNPATH_SEARCH_PATHS = (
					"$(inherited)",
					"@executable_path/Frameworks",
					"@loader_path/Frameworks",
				);
				PRODUCT_BUNDLE_IDENTIFIER = MERA.acheck.FontsUITests;
				PRODUCT_NAME = "$(TARGET_NAME)";
				TARGETED_DEVICE_FAMILY = "1,2";
				TEST_TARGET_NAME = Fonts;
			};
			name = Release;
		};
/* End XCBuildConfiguration section */

/* Begin XCConfigurationList section */
		8595663F212EDA770065ADF2 /* Build configuration list for PBXProject "Fonts" */ = {
			isa = XCConfigurationList;
			buildConfigurations = (
				8595666E212EDA990065ADF2 /* Debug */,
				8595666F212EDA990065ADF2 /* Release */,
			);
			defaultConfigurationIsVisible = 0;
			defaultConfigurationName = Release;
		};
		85956670212EDA990065ADF2 /* Build configuration list for PBXNativeTarget "Fonts" */ = {
			isa = XCConfigurationList;
			buildConfigurations = (
				85956671212EDA990065ADF2 /* Debug */,
				85956672212EDA990065ADF2 /* Release */,
			);
			defaultConfigurationIsVisible = 0;
			defaultConfigurationName = Release;
		};
		85956673212EDA990065ADF2 /* Build configuration list for PBXNativeTarget "FontsTests" */ = {
			isa = XCConfigurationList;
			buildConfigurations = (
				85956674212EDA990065ADF2 /* Debug */,
				85956675212EDA990065ADF2 /* Release */,
			);
			defaultConfigurationIsVisible = 0;
			defaultConfigurationName = Release;
		};
		85956676212EDA990065ADF2 /* Build configuration list for PBXNativeTarget "FontsUITests" */ = {
			isa = XCConfigurationList;
			buildConfigurations = (
				85956677212EDA990065ADF2 /* Debug */,
				85956678212EDA990065ADF2 /* Release */,
			);
			defaultConfigurationIsVisible = 0;
			defaultConfigurationName = Release;
		};
/* End XCConfigurationList section */
	};
	rootObject = 8595663C212EDA760065ADF2 /* Project object */;
}
